
Microsoft Visual Studio Solution File, Format Version 12.00
# Visual Studio 14
VisualStudioVersion = 14.0.25420.1
MinimumVisualStudioVersion = 10.0.40219.1
Project("{2150E333-8FDC-42A3-9474-1A3956D46DE8}") = "src", "src", "{839E28D3-77AF-4A00-ADDB-A0EAF94D167D}"
EndProject
Project("{2150E333-8FDC-42A3-9474-1A3956D46DE8}") = "Solution Items", "Solution Items", "{9C5A3E2E-F5C3-46E5-BF16-4AB1DBDCF6C3}"
	ProjectSection(SolutionItems) = preProject
		global.json = global.json
	EndProjectSection
EndProject
Project("{8BB2217D-0F2D-49D1-97BC-3654ED321F3B}") = "AspNetCoreVS", "src\AspNetCoreVS\AspNetCoreVS.xproj", "{3E99C4DC-6704-4D65-BDC5-EE4B412C0292}"
EndProject
Project("{8BB2217D-0F2D-49D1-97BC-3654ED321F3B}") = "MyCoreLib", "src\MyCoreLib\MyCoreLib.xproj", "{A186988A-8815-4AA3-A7B6-594D1FCBD289}"
EndProject
Global
	GlobalSection(SolutionConfigurationPlatforms) = preSolution
		Debug|Any CPU = Debug|Any CPU
		Release|Any CPU = Release|Any CPU
	EndGlobalSection
	GlobalSection(ProjectConfigurationPlatforms) = postSolution
		{3E99C4DC-6704-4D65-BDC5-EE4B412C0292}.Debug|Any CPU.ActiveCfg = Debug|Any CPU
		{3E99C4DC-6704-4D65-BDC5-EE4B412C0292}.Debug|Any CPU.Build.0 = Debug|Any CPU
		{3E99C4DC-6704-4D65-BDC5-EE4B412C0292}.Release|Any CPU.ActiveCfg = Release|Any CPU
		{3E99C4DC-6704-4D65-BDC5-EE4B412C0292}.Release|Any CPU.Build.0 = Release|Any CPU
		{A186988A-8815-4AA3-A7B6-594D1FCBD289}.Debug|Any CPU.ActiveCfg = Debug|Any CPU
		{A186988A-8815-4AA3-A7B6-594D1FCBD289}.Debug|Any CPU.Build.0 = Debug|Any CPU
		{A186988A-8815-4AA3-A7B6-594D1FCBD289}.Release|Any CPU.ActiveCfg = Release|Any CPU
		{A186988A-8815-4AA3-A7B6-594D1FCBD289}.Release|Any CPU.Build.0 = Release|Any CPU
	EndGlobalSection
	GlobalSection(SolutionProperties) = preSolution
		HideSolutionNode = FALSE
	EndGlobalSection
	GlobalSection(NestedProjects) = preSolution
		{3E99C4DC-6704-4D65-BDC5-EE4B412C0292} = {839E28D3-77AF-4A00-ADDB-A0EAF94D167D}
		{A186988A-8815-4AA3-A7B6-594D1FCBD289} = {839E28D3-77AF-4A00-ADDB-A0EAF94D167D}
	EndGlobalSection
EndGlobal
